// !$*UTF8*$!
{
	archiveVersion = 1;
	classes = {
	};
	objectVersion = 55;
	objects = {

/* Begin PBXBuildFile section */
		548D972F6CA820EBBD0F3DD0 /* Pods_instagram_objcTests.framework in Frameworks */ = {isa = PBXBuildFile; fileRef = 51138C6A834868DB51BDD504 /* Pods_instagram_objcTests.framework */; };
		8CF77AC80378554D626900C4 /* Pods_instagram_objc_instagram_objcUITests.framework in Frameworks */ = {isa = PBXBuildFile; fileRef = 3976B3BA4CE6A2E2FF154B08 /* Pods_instagram_objc_instagram_objcUITests.framework */; };
		983CBC82B4DABC0A12D20A94 /* Pods_instagram_objc.framework in Frameworks */ = {isa = PBXBuildFile; fileRef = 893BC6F24A8D96CF1DC32CC4 /* Pods_instagram_objc.framework */; };
		E3D009F9284539420038B5AC /* AppDelegate.m in Sources */ = {isa = PBXBuildFile; fileRef = E3D009F8284539420038B5AC /* AppDelegate.m */; };
		E3D009FC284539420038B5AC /* SceneDelegate.m in Sources */ = {isa = PBXBuildFile; fileRef = E3D009FB284539420038B5AC /* SceneDelegate.m */; };
		E3D00A02284539420038B5AC /* Main.storyboard in Resources */ = {isa = PBXBuildFile; fileRef = E3D00A00284539420038B5AC /* Main.storyboard */; };
		E3D00A04284539460038B5AC /* Assets.xcassets in Resources */ = {isa = PBXBuildFile; fileRef = E3D00A03284539460038B5AC /* Assets.xcassets */; };
		E3D00A07284539460038B5AC /* LaunchScreen.storyboard in Resources */ = {isa = PBXBuildFile; fileRef = E3D00A05284539460038B5AC /* LaunchScreen.storyboard */; };
		E3D00A0A284539460038B5AC /* main.m in Sources */ = {isa = PBXBuildFile; fileRef = E3D00A09284539460038B5AC /* main.m */; };
		E3D00A14284539470038B5AC /* instagram_objcTests.m in Sources */ = {isa = PBXBuildFile; fileRef = E3D00A13284539470038B5AC /* instagram_objcTests.m */; };
		E3D00A1E284539470038B5AC /* instagram_objcUITests.m in Sources */ = {isa = PBXBuildFile; fileRef = E3D00A1D284539470038B5AC /* instagram_objcUITests.m */; };
		E3D00A20284539470038B5AC /* instagram_objcUITestsLaunchTests.m in Sources */ = {isa = PBXBuildFile; fileRef = E3D00A1F284539470038B5AC /* instagram_objcUITestsLaunchTests.m */; };
		E3D00A2F2845A4D10038B5AC /* Keys.plist in Resources */ = {isa = PBXBuildFile; fileRef = E3D00A2E2845A4D10038B5AC /* Keys.plist */; };
		E3D00A322846B6C70038B5AC /* LoginViewController.m in Sources */ = {isa = PBXBuildFile; fileRef = E3D00A312846B6C70038B5AC /* LoginViewController.m */; };
		E3D00A352846C0110038B5AC /* HomeFeedViewController.m in Sources */ = {isa = PBXBuildFile; fileRef = E3D00A342846C0110038B5AC /* HomeFeedViewController.m */; };
		E3D00A382846C0E70038B5AC /* ProfileViewController.m in Sources */ = {isa = PBXBuildFile; fileRef = E3D00A372846C0E70038B5AC /* ProfileViewController.m */; };
/* End PBXBuildFile section */

/* Begin PBXContainerItemProxy section */
		E3D00A10284539470038B5AC /* PBXContainerItemProxy */ = {
			isa = PBXContainerItemProxy;
			containerPortal = E3D009EC284539420038B5AC /* Project object */;
			proxyType = 1;
			remoteGlobalIDString = E3D009F3284539420038B5AC;
			remoteInfo = instagram_objc;
		};
		E3D00A1A284539470038B5AC /* PBXContainerItemProxy */ = {
			isa = PBXContainerItemProxy;
			containerPortal = E3D009EC284539420038B5AC /* Project object */;
			proxyType = 1;
			remoteGlobalIDString = E3D009F3284539420038B5AC;
			remoteInfo = instagram_objc;
		};
/* End PBXContainerItemProxy section */

/* Begin PBXFileReference section */
		04D5ABDEFBF09D2C30EC5836 /* Pods-instagram_objc-instagram_objcUITests.release.xcconfig */ = {isa = PBXFileReference; includeInIndex = 1; lastKnownFileType = text.xcconfig; name = "Pods-instagram_objc-instagram_objcUITests.release.xcconfig"; path = "Target Support Files/Pods-instagram_objc-instagram_objcUITests/Pods-instagram_objc-instagram_objcUITests.release.xcconfig"; sourceTree = "<group>"; };
		1D1558E93FDE5B09BF0F6125 /* Pods-instagram_objcTests.release.xcconfig */ = {isa = PBXFileReference; includeInIndex = 1; lastKnownFileType = text.xcconfig; name = "Pods-instagram_objcTests.release.xcconfig"; path = "Target Support Files/Pods-instagram_objcTests/Pods-instagram_objcTests.release.xcconfig"; sourceTree = "<group>"; };
		3976B3BA4CE6A2E2FF154B08 /* Pods_instagram_objc_instagram_objcUITests.framework */ = {isa = PBXFileReference; explicitFileType = wrapper.framework; includeInIndex = 0; path = Pods_instagram_objc_instagram_objcUITests.framework; sourceTree = BUILT_PRODUCTS_DIR; };
		51138C6A834868DB51BDD504 /* Pods_instagram_objcTests.framework */ = {isa = PBXFileReference; explicitFileType = wrapper.framework; includeInIndex = 0; path = Pods_instagram_objcTests.framework; sourceTree = BUILT_PRODUCTS_DIR; };
		555CE6D22A65B6AEE63257C4 /* Pods-instagram_objc-instagram_objcUITests.debug.xcconfig */ = {isa = PBXFileReference; includeInIndex = 1; lastKnownFileType = text.xcconfig; name = "Pods-instagram_objc-instagram_objcUITests.debug.xcconfig"; path = "Target Support Files/Pods-instagram_objc-instagram_objcUITests/Pods-instagram_objc-instagram_objcUITests.debug.xcconfig"; sourceTree = "<group>"; };
		893BC6F24A8D96CF1DC32CC4 /* Pods_instagram_objc.framework */ = {isa = PBXFileReference; explicitFileType = wrapper.framework; includeInIndex = 0; path = Pods_instagram_objc.framework; sourceTree = BUILT_PRODUCTS_DIR; };
		998FC9FF77AD34A3D97AECC9 /* Pods-instagram_objc.debug.xcconfig */ = {isa = PBXFileReference; includeInIndex = 1; lastKnownFileType = text.xcconfig; name = "Pods-instagram_objc.debug.xcconfig"; path = "Target Support Files/Pods-instagram_objc/Pods-instagram_objc.debug.xcconfig"; sourceTree = "<group>"; };
		BDC3AAA55AC1494A794A5F53 /* Pods-instagram_objcTests.debug.xcconfig */ = {isa = PBXFileReference; includeInIndex = 1; lastKnownFileType = text.xcconfig; name = "Pods-instagram_objcTests.debug.xcconfig"; path = "Target Support Files/Pods-instagram_objcTests/Pods-instagram_objcTests.debug.xcconfig"; sourceTree = "<group>"; };
		E13CCAAA47C20E99F12E7B75 /* Pods-instagram_objc.release.xcconfig */ = {isa = PBXFileReference; includeInIndex = 1; lastKnownFileType = text.xcconfig; name = "Pods-instagram_objc.release.xcconfig"; path = "Target Support Files/Pods-instagram_objc/Pods-instagram_objc.release.xcconfig"; sourceTree = "<group>"; };
		E3D009F4284539420038B5AC /* instagram_objc.app */ = {isa = PBXFileReference; explicitFileType = wrapper.application; includeInIndex = 0; path = instagram_objc.app; sourceTree = BUILT_PRODUCTS_DIR; };
		E3D009F7284539420038B5AC /* AppDelegate.h */ = {isa = PBXFileReference; lastKnownFileType = sourcecode.c.h; path = AppDelegate.h; sourceTree = "<group>"; };
		E3D009F8284539420038B5AC /* AppDelegate.m */ = {isa = PBXFileReference; lastKnownFileType = sourcecode.c.objc; path = AppDelegate.m; sourceTree = "<group>"; };
		E3D009FA284539420038B5AC /* SceneDelegate.h */ = {isa = PBXFileReference; lastKnownFileType = sourcecode.c.h; path = SceneDelegate.h; sourceTree = "<group>"; };
		E3D009FB284539420038B5AC /* SceneDelegate.m */ = {isa = PBXFileReference; lastKnownFileType = sourcecode.c.objc; path = SceneDelegate.m; sourceTree = "<group>"; };
		E3D00A01284539420038B5AC /* Base */ = {isa = PBXFileReference; lastKnownFileType = file.storyboard; name = Base; path = Base.lproj/Main.storyboard; sourceTree = "<group>"; };
		E3D00A03284539460038B5AC /* Assets.xcassets */ = {isa = PBXFileReference; lastKnownFileType = folder.assetcatalog; path = Assets.xcassets; sourceTree = "<group>"; };
		E3D00A06284539460038B5AC /* Base */ = {isa = PBXFileReference; lastKnownFileType = file.storyboard; name = Base; path = Base.lproj/LaunchScreen.storyboard; sourceTree = "<group>"; };
		E3D00A08284539460038B5AC /* Info.plist */ = {isa = PBXFileReference; lastKnownFileType = text.plist.xml; path = Info.plist; sourceTree = "<group>"; };
		E3D00A09284539460038B5AC /* main.m */ = {isa = PBXFileReference; lastKnownFileType = sourcecode.c.objc; path = main.m; sourceTree = "<group>"; };
		E3D00A0F284539470038B5AC /* instagram_objcTests.xctest */ = {isa = PBXFileReference; explicitFileType = wrapper.cfbundle; includeInIndex = 0; path = instagram_objcTests.xctest; sourceTree = BUILT_PRODUCTS_DIR; };
		E3D00A13284539470038B5AC /* instagram_objcTests.m */ = {isa = PBXFileReference; lastKnownFileType = sourcecode.c.objc; path = instagram_objcTests.m; sourceTree = "<group>"; };
		E3D00A19284539470038B5AC /* instagram_objcUITests.xctest */ = {isa = PBXFileReference; explicitFileType = wrapper.cfbundle; includeInIndex = 0; path = instagram_objcUITests.xctest; sourceTree = BUILT_PRODUCTS_DIR; };
		E3D00A1D284539470038B5AC /* instagram_objcUITests.m */ = {isa = PBXFileReference; lastKnownFileType = sourcecode.c.objc; path = instagram_objcUITests.m; sourceTree = "<group>"; };
		E3D00A1F284539470038B5AC /* instagram_objcUITestsLaunchTests.m */ = {isa = PBXFileReference; lastKnownFileType = sourcecode.c.objc; path = instagram_objcUITestsLaunchTests.m; sourceTree = "<group>"; };
		E3D00A2E2845A4D10038B5AC /* Keys.plist */ = {isa = PBXFileReference; lastKnownFileType = text.plist.xml; path = Keys.plist; sourceTree = "<group>"; };
		E3D00A302846B6C70038B5AC /* LoginViewController.h */ = {isa = PBXFileReference; lastKnownFileType = sourcecode.c.h; path = LoginViewController.h; sourceTree = "<group>"; };
		E3D00A312846B6C70038B5AC /* LoginViewController.m */ = {isa = PBXFileReference; lastKnownFileType = sourcecode.c.objc; path = LoginViewController.m; sourceTree = "<group>"; };
		E3D00A332846C0100038B5AC /* HomeFeedViewController.h */ = {isa = PBXFileReference; lastKnownFileType = sourcecode.c.h; path = HomeFeedViewController.h; sourceTree = "<group>"; };
		E3D00A342846C0110038B5AC /* HomeFeedViewController.m */ = {isa = PBXFileReference; lastKnownFileType = sourcecode.c.objc; path = HomeFeedViewController.m; sourceTree = "<group>"; };
		E3D00A362846C0E70038B5AC /* ProfileViewController.h */ = {isa = PBXFileReference; lastKnownFileType = sourcecode.c.h; path = ProfileViewController.h; sourceTree = "<group>"; };
		E3D00A372846C0E70038B5AC /* ProfileViewController.m */ = {isa = PBXFileReference; lastKnownFileType = sourcecode.c.objc; path = ProfileViewController.m; sourceTree = "<group>"; };
/* End PBXFileReference section */

/* Begin PBXFrameworksBuildPhase section */
		E3D009F1284539420038B5AC /* Frameworks */ = {
			isa = PBXFrameworksBuildPhase;
			buildActionMask = 2147483647;
			files = (
				983CBC82B4DABC0A12D20A94 /* Pods_instagram_objc.framework in Frameworks */,
			);
			runOnlyForDeploymentPostprocessing = 0;
		};
		E3D00A0C284539470038B5AC /* Frameworks */ = {
			isa = PBXFrameworksBuildPhase;
			buildActionMask = 2147483647;
			files = (
				548D972F6CA820EBBD0F3DD0 /* Pods_instagram_objcTests.framework in Frameworks */,
			);
			runOnlyForDeploymentPostprocessing = 0;
		};
		E3D00A16284539470038B5AC /* Frameworks */ = {
			isa = PBXFrameworksBuildPhase;
			buildActionMask = 2147483647;
			files = (
				8CF77AC80378554D626900C4 /* Pods_instagram_objc_instagram_objcUITests.framework in Frameworks */,
			);
			runOnlyForDeploymentPostprocessing = 0;
		};
/* End PBXFrameworksBuildPhase section */

/* Begin PBXGroup section */
		1D7FDAA81E2B1503DD15410F /* Frameworks */ = {
			isa = PBXGroup;
			children = (
				893BC6F24A8D96CF1DC32CC4 /* Pods_instagram_objc.framework */,
				3976B3BA4CE6A2E2FF154B08 /* Pods_instagram_objc_instagram_objcUITests.framework */,
				51138C6A834868DB51BDD504 /* Pods_instagram_objcTests.framework */,
			);
			name = Frameworks;
			sourceTree = "<group>";
		};
		DBA7D71B91F8C958EF912F6D /* Pods */ = {
			isa = PBXGroup;
			children = (
				998FC9FF77AD34A3D97AECC9 /* Pods-instagram_objc.debug.xcconfig */,
				E13CCAAA47C20E99F12E7B75 /* Pods-instagram_objc.release.xcconfig */,
				555CE6D22A65B6AEE63257C4 /* Pods-instagram_objc-instagram_objcUITests.debug.xcconfig */,
				04D5ABDEFBF09D2C30EC5836 /* Pods-instagram_objc-instagram_objcUITests.release.xcconfig */,
				BDC3AAA55AC1494A794A5F53 /* Pods-instagram_objcTests.debug.xcconfig */,
				1D1558E93FDE5B09BF0F6125 /* Pods-instagram_objcTests.release.xcconfig */,
			);
			path = Pods;
			sourceTree = "<group>";
		};
		E3D009EB284539420038B5AC = {
			isa = PBXGroup;
			children = (
				E3D009F6284539420038B5AC /* instagram_objc */,
				E3D00A12284539470038B5AC /* instagram_objcTests */,
				E3D00A1C284539470038B5AC /* instagram_objcUITests */,
				E3D009F5284539420038B5AC /* Products */,
				DBA7D71B91F8C958EF912F6D /* Pods */,
				1D7FDAA81E2B1503DD15410F /* Frameworks */,
			);
			sourceTree = "<group>";
		};
		E3D009F5284539420038B5AC /* Products */ = {
			isa = PBXGroup;
			children = (
				E3D009F4284539420038B5AC /* instagram_objc.app */,
				E3D00A0F284539470038B5AC /* instagram_objcTests.xctest */,
				E3D00A19284539470038B5AC /* instagram_objcUITests.xctest */,
			);
			name = Products;
			sourceTree = "<group>";
		};
		E3D009F6284539420038B5AC /* instagram_objc */ = {
			isa = PBXGroup;
			children = (
				E3D00A392846C1870038B5AC /* view_controllers */,
				E3D009F7284539420038B5AC /* AppDelegate.h */,
				E3D009F8284539420038B5AC /* AppDelegate.m */,
				E3D009FA284539420038B5AC /* SceneDelegate.h */,
				E3D009FB284539420038B5AC /* SceneDelegate.m */,
				E3D00A00284539420038B5AC /* Main.storyboard */,
				E3D00A03284539460038B5AC /* Assets.xcassets */,
				E3D00A05284539460038B5AC /* LaunchScreen.storyboard */,
				E3D00A08284539460038B5AC /* Info.plist */,
				E3D00A09284539460038B5AC /* main.m */,
				E3D00A2E2845A4D10038B5AC /* Keys.plist */,
			);
			path = instagram_objc;
			sourceTree = "<group>";
		};
		E3D00A12284539470038B5AC /* instagram_objcTests */ = {
			isa = PBXGroup;
			children = (
				E3D00A13284539470038B5AC /* instagram_objcTests.m */,
			);
			path = instagram_objcTests;
			sourceTree = "<group>";
		};
		E3D00A1C284539470038B5AC /* instagram_objcUITests */ = {
			isa = PBXGroup;
			children = (
				E3D00A1D284539470038B5AC /* instagram_objcUITests.m */,
				E3D00A1F284539470038B5AC /* instagram_objcUITestsLaunchTests.m */,
			);
			path = instagram_objcUITests;
			sourceTree = "<group>";
		};
		E3D00A392846C1870038B5AC /* view_controllers */ = {
			isa = PBXGroup;
			children = (
				E3D00A302846B6C70038B5AC /* LoginViewController.h */,
				E3D00A312846B6C70038B5AC /* LoginViewController.m */,
				E3D00A332846C0100038B5AC /* HomeFeedViewController.h */,
				E3D00A342846C0110038B5AC /* HomeFeedViewController.m */,
				E3D00A362846C0E70038B5AC /* ProfileViewController.h */,
				E3D00A372846C0E70038B5AC /* ProfileViewController.m */,
			);
			path = view_controllers;
			sourceTree = "<group>";
		};
/* End PBXGroup section */

/* Begin PBXNativeTarget section */
		E3D009F3284539420038B5AC /* instagram_objc */ = {
			isa = PBXNativeTarget;
			buildConfigurationList = E3D00A23284539470038B5AC /* Build configuration list for PBXNativeTarget "instagram_objc" */;
			buildPhases = (
				06F34E4E26C517B744D5EB3A /* [CP] Check Pods Manifest.lock */,
				E3D009F0284539420038B5AC /* Sources */,
				E3D009F1284539420038B5AC /* Frameworks */,
				E3D009F2284539420038B5AC /* Resources */,
				8AED87BA81D2F5A0A79681DE /* [CP] Embed Pods Frameworks */,
			);
			buildRules = (
			);
			dependencies = (
			);
			name = instagram_objc;
			productName = instagram_objc;
			productReference = E3D009F4284539420038B5AC /* instagram_objc.app */;
			productType = "com.apple.product-type.application";
		};
		E3D00A0E284539470038B5AC /* instagram_objcTests */ = {
			isa = PBXNativeTarget;
			buildConfigurationList = E3D00A26284539470038B5AC /* Build configuration list for PBXNativeTarget "instagram_objcTests" */;
			buildPhases = (
				08A84FABD53808321F830BBF /* [CP] Check Pods Manifest.lock */,
				E3D00A0B284539470038B5AC /* Sources */,
				E3D00A0C284539470038B5AC /* Frameworks */,
				E3D00A0D284539470038B5AC /* Resources */,
			);
			buildRules = (
			);
			dependencies = (
				E3D00A11284539470038B5AC /* PBXTargetDependency */,
			);
			name = instagram_objcTests;
			productName = instagram_objcTests;
			productReference = E3D00A0F284539470038B5AC /* instagram_objcTests.xctest */;
			productType = "com.apple.product-type.bundle.unit-test";
		};
		E3D00A18284539470038B5AC /* instagram_objcUITests */ = {
			isa = PBXNativeTarget;
			buildConfigurationList = E3D00A29284539470038B5AC /* Build configuration list for PBXNativeTarget "instagram_objcUITests" */;
			buildPhases = (
				4D918AD2C3644D4B04AD784C /* [CP] Check Pods Manifest.lock */,
				E3D00A15284539470038B5AC /* Sources */,
				E3D00A16284539470038B5AC /* Frameworks */,
				E3D00A17284539470038B5AC /* Resources */,
				A0E97D2F54A9F8DEF65F85E4 /* [CP] Embed Pods Frameworks */,
			);
			buildRules = (
			);
			dependencies = (
				E3D00A1B284539470038B5AC /* PBXTargetDependency */,
			);
			name = instagram_objcUITests;
			productName = instagram_objcUITests;
			productReference = E3D00A19284539470038B5AC /* instagram_objcUITests.xctest */;
			productType = "com.apple.product-type.bundle.ui-testing";
		};
/* End PBXNativeTarget section */

/* Begin PBXProject section */
		E3D009EC284539420038B5AC /* Project object */ = {
			isa = PBXProject;
			attributes = {
				BuildIndependentTargetsInParallel = 1;
				LastUpgradeCheck = 1300;
				TargetAttributes = {
					E3D009F3284539420038B5AC = {
						CreatedOnToolsVersion = 13.0;
					};
					E3D00A0E284539470038B5AC = {
						CreatedOnToolsVersion = 13.0;
						TestTargetID = E3D009F3284539420038B5AC;
					};
					E3D00A18284539470038B5AC = {
						CreatedOnToolsVersion = 13.0;
						TestTargetID = E3D009F3284539420038B5AC;
					};
				};
			};
			buildConfigurationList = E3D009EF284539420038B5AC /* Build configuration list for PBXProject "instagram_objc" */;
			compatibilityVersion = "Xcode 13.0";
			developmentRegion = en;
			hasScannedForEncodings = 0;
			knownRegions = (
				en,
				Base,
			);
			mainGroup = E3D009EB284539420038B5AC;
			productRefGroup = E3D009F5284539420038B5AC /* Products */;
			projectDirPath = "";
			projectRoot = "";
			targets = (
				E3D009F3284539420038B5AC /* instagram_objc */,
				E3D00A0E284539470038B5AC /* instagram_objcTests */,
				E3D00A18284539470038B5AC /* instagram_objcUITests */,
			);
		};
/* End PBXProject section */

/* Begin PBXResourcesBuildPhase section */
		E3D009F2284539420038B5AC /* Resources */ = {
			isa = PBXResourcesBuildPhase;
			buildActionMask = 2147483647;
			files = (
				E3D00A2F2845A4D10038B5AC /* Keys.plist in Resources */,
				E3D00A07284539460038B5AC /* LaunchScreen.storyboard in Resources */,
				E3D00A04284539460038B5AC /* Assets.xcassets in Resources */,
				E3D00A02284539420038B5AC /* Main.storyboard in Resources */,
			);
			runOnlyForDeploymentPostprocessing = 0;
		};
		E3D00A0D284539470038B5AC /* Resources */ = {
			isa = PBXResourcesBuildPhase;
			buildActionMask = 2147483647;
			files = (
			);
			runOnlyForDeploymentPostprocessing = 0;
		};
		E3D00A17284539470038B5AC /* Resources */ = {
			isa = PBXResourcesBuildPhase;
			buildActionMask = 2147483647;
			files = (
			);
			runOnlyForDeploymentPostprocessing = 0;
		};
/* End PBXResourcesBuildPhase section */

/* Begin PBXShellScriptBuildPhase section */
		06F34E4E26C517B744D5EB3A /* [CP] Check Pods Manifest.lock */ = {
			isa = PBXShellScriptBuildPhase;
			buildActionMask = 2147483647;
			files = (
			);
			inputFileListPaths = (
			);
			inputPaths = (
				"${PODS_PODFILE_DIR_PATH}/Podfile.lock",
				"${PODS_ROOT}/Manifest.lock",
			);
			name = "[CP] Check Pods Manifest.lock";
			outputFileListPaths = (
			);
			outputPaths = (
				"$(DERIVED_FILE_DIR)/Pods-instagram_objc-checkManifestLockResult.txt",
			);
			runOnlyForDeploymentPostprocessing = 0;
			shellPath = /bin/sh;
			shellScript = "diff \"${PODS_PODFILE_DIR_PATH}/Podfile.lock\" \"${PODS_ROOT}/Manifest.lock\" > /dev/null\nif [ $? != 0 ] ; then\n    # print error to STDERR\n    echo \"error: The sandbox is not in sync with the Podfile.lock. Run 'pod install' or update your CocoaPods installation.\" >&2\n    exit 1\nfi\n# This output is used by Xcode 'outputs' to avoid re-running this script phase.\necho \"SUCCESS\" > \"${SCRIPT_OUTPUT_FILE_0}\"\n";
			showEnvVarsInLog = 0;
		};
		08A84FABD53808321F830BBF /* [CP] Check Pods Manifest.lock */ = {
			isa = PBXShellScriptBuildPhase;
			buildActionMask = 2147483647;
			files = (
			);
			inputFileListPaths = (
			);
			inputPaths = (
				"${PODS_PODFILE_DIR_PATH}/Podfile.lock",
				"${PODS_ROOT}/Manifest.lock",
			);
			name = "[CP] Check Pods Manifest.lock";
			outputFileListPaths = (
			);
			outputPaths = (
				"$(DERIVED_FILE_DIR)/Pods-instagram_objcTests-checkManifestLockResult.txt",
			);
			runOnlyForDeploymentPostprocessing = 0;
			shellPath = /bin/sh;
			shellScript = "diff \"${PODS_PODFILE_DIR_PATH}/Podfile.lock\" \"${PODS_ROOT}/Manifest.lock\" > /dev/null\nif [ $? != 0 ] ; then\n    # print error to STDERR\n    echo \"error: The sandbox is not in sync with the Podfile.lock. Run 'pod install' or update your CocoaPods installation.\" >&2\n    exit 1\nfi\n# This output is used by Xcode 'outputs' to avoid re-running this script phase.\necho \"SUCCESS\" > \"${SCRIPT_OUTPUT_FILE_0}\"\n";
			showEnvVarsInLog = 0;
		};
		4D918AD2C3644D4B04AD784C /* [CP] Check Pods Manifest.lock */ = {
			isa = PBXShellScriptBuildPhase;
			buildActionMask = 2147483647;
			files = (
			);
			inputFileListPaths = (
			);
			inputPaths = (
				"${PODS_PODFILE_DIR_PATH}/Podfile.lock",
				"${PODS_ROOT}/Manifest.lock",
			);
			name = "[CP] Check Pods Manifest.lock";
			outputFileListPaths = (
			);
			outputPaths = (
				"$(DERIVED_FILE_DIR)/Pods-instagram_objc-instagram_objcUITests-checkManifestLockResult.txt",
			);
			runOnlyForDeploymentPostprocessing = 0;
			shellPath = /bin/sh;
			shellScript = "diff \"${PODS_PODFILE_DIR_PATH}/Podfile.lock\" \"${PODS_ROOT}/Manifest.lock\" > /dev/null\nif [ $? != 0 ] ; then\n    # print error to STDERR\n    echo \"error: The sandbox is not in sync with the Podfile.lock. Run 'pod install' or update your CocoaPods installation.\" >&2\n    exit 1\nfi\n# This output is used by Xcode 'outputs' to avoid re-running this script phase.\necho \"SUCCESS\" > \"${SCRIPT_OUTPUT_FILE_0}\"\n";
			showEnvVarsInLog = 0;
		};
		8AED87BA81D2F5A0A79681DE /* [CP] Embed Pods Frameworks */ = {
			isa = PBXShellScriptBuildPhase;
			buildActionMask = 2147483647;
			files = (
			);
			inputFileListPaths = (
				"${PODS_ROOT}/Target Support Files/Pods-instagram_objc/Pods-instagram_objc-frameworks-${CONFIGURATION}-input-files.xcfilelist",
			);
			name = "[CP] Embed Pods Frameworks";
			outputFileListPaths = (
				"${PODS_ROOT}/Target Support Files/Pods-instagram_objc/Pods-instagram_objc-frameworks-${CONFIGURATION}-output-files.xcfilelist",
			);
			runOnlyForDeploymentPostprocessing = 0;
			shellPath = /bin/sh;
			shellScript = "\"${PODS_ROOT}/Target Support Files/Pods-instagram_objc/Pods-instagram_objc-frameworks.sh\"\n";
			showEnvVarsInLog = 0;
		};
		A0E97D2F54A9F8DEF65F85E4 /* [CP] Embed Pods Frameworks */ = {
			isa = PBXShellScriptBuildPhase;
			buildActionMask = 2147483647;
			files = (
			);
			inputFileListPaths = (
				"${PODS_ROOT}/Target Support Files/Pods-instagram_objc-instagram_objcUITests/Pods-instagram_objc-instagram_objcUITests-frameworks-${CONFIGURATION}-input-files.xcfilelist",
			);
			name = "[CP] Embed Pods Frameworks";
			outputFileListPaths = (
				"${PODS_ROOT}/Target Support Files/Pods-instagram_objc-instagram_objcUITests/Pods-instagram_objc-instagram_objcUITests-frameworks-${CONFIGURATION}-output-files.xcfilelist",
			);
			runOnlyForDeploymentPostprocessing = 0;
			shellPath = /bin/sh;
			shellScript = "\"${PODS_ROOT}/Target Support Files/Pods-instagram_objc-instagram_objcUITests/Pods-instagram_objc-instagram_objcUITests-frameworks.sh\"\n";
			showEnvVarsInLog = 0;
		};
/* End PBXShellScriptBuildPhase section */

/* Begin PBXSourcesBuildPhase section */
		E3D009F0284539420038B5AC /* Sources */ = {
			isa = PBXSourcesBuildPhase;
			buildActionMask = 2147483647;
			files = (
				E3D00A352846C0110038B5AC /* HomeFeedViewController.m in Sources */,
				E3D00A322846B6C70038B5AC /* LoginViewController.m in Sources */,
				E3D009F9284539420038B5AC /* AppDelegate.m in Sources */,
				E3D00A0A284539460038B5AC /* main.m in Sources */,
				E3D00A382846C0E70038B5AC /* ProfileViewController.m in Sources */,
				E3D009FC284539420038B5AC /* SceneDelegate.m in Sources */,
			);
			runOnlyForDeploymentPostprocessing = 0;
		};
		E3D00A0B284539470038B5AC /* Sources */ = {
			isa = PBXSourcesBuildPhase;
			buildActionMask = 2147483647;
			files = (
				E3D00A14284539470038B5AC /* instagram_objcTests.m in Sources */,
			);
			runOnlyForDeploymentPostprocessing = 0;
		};
		E3D00A15284539470038B5AC /* Sources */ = {
			isa = PBXSourcesBuildPhase;
			buildActionMask = 2147483647;
			files = (
				E3D00A1E284539470038B5AC /* instagram_objcUITests.m in Sources */,
				E3D00A20284539470038B5AC /* instagram_objcUITestsLaunchTests.m in Sources */,
			);
			runOnlyForDeploymentPostprocessing = 0;
		};
/* End PBXSourcesBuildPhase section */

/* Begin PBXTargetDependency section */
		E3D00A11284539470038B5AC /* PBXTargetDependency */ = {
			isa = PBXTargetDependency;
			target = E3D009F3284539420038B5AC /* instagram_objc */;
			targetProxy = E3D00A10284539470038B5AC /* PBXContainerItemProxy */;
		};
		E3D00A1B284539470038B5AC /* PBXTargetDependency */ = {
			isa = PBXTargetDependency;
			target = E3D009F3284539420038B5AC /* instagram_objc */;
			targetProxy = E3D00A1A284539470038B5AC /* PBXContainerItemProxy */;
		};
/* End PBXTargetDependency section */

/* Begin PBXVariantGroup section */
		E3D00A00284539420038B5AC /* Main.storyboard */ = {
			isa = PBXVariantGroup;
			children = (
				E3D00A01284539420038B5AC /* Base */,
			);
			name = Main.storyboard;
			sourceTree = "<group>";
		};
		E3D00A05284539460038B5AC /* LaunchScreen.storyboard */ = {
			isa = PBXVariantGroup;
			children = (
				E3D00A06284539460038B5AC /* Base */,
			);
			name = LaunchScreen.storyboard;
			sourceTree = "<group>";
		};
/* End PBXVariantGroup section */

/* Begin XCBuildConfiguration section */
		E3D00A21284539470038B5AC /* Debug */ = {
			isa = XCBuildConfiguration;
			buildSettings = {
				ALWAYS_SEARCH_USER_PATHS = NO;
				CLANG_ANALYZER_NONNULL = YES;
				CLANG_ANALYZER_NUMBER_OBJECT_CONVERSION = YES_AGGRESSIVE;
				CLANG_CXX_LANGUAGE_STANDARD = "gnu++17";
				CLANG_CXX_LIBRARY = "libc++";
				CLANG_ENABLE_MODULES = YES;
				CLANG_ENABLE_OBJC_ARC = YES;
				CLANG_ENABLE_OBJC_WEAK = YES;
				CLANG_WARN_BLOCK_CAPTURE_AUTORELEASING = YES;
				CLANG_WARN_BOOL_CONVERSION = YES;
				CLANG_WARN_COMMA = YES;
				CLANG_WARN_CONSTANT_CONVERSION = YES;
				CLANG_WARN_DEPRECATED_OBJC_IMPLEMENTATIONS = YES;
				CLANG_WARN_DIRECT_OBJC_ISA_USAGE = YES_ERROR;
				CLANG_WARN_DOCUMENTATION_COMMENTS = YES;
				CLANG_WARN_EMPTY_BODY = YES;
				CLANG_WARN_ENUM_CONVERSION = YES;
				CLANG_WARN_INFINITE_RECURSION = YES;
				CLANG_WARN_INT_CONVERSION = YES;
				CLANG_WARN_NON_LITERAL_NULL_CONVERSION = YES;
				CLANG_WARN_OBJC_IMPLICIT_RETAIN_SELF = YES;
				CLANG_WARN_OBJC_LITERAL_CONVERSION = YES;
				CLANG_WARN_OBJC_ROOT_CLASS = YES_ERROR;
				CLANG_WARN_QUOTED_INCLUDE_IN_FRAMEWORK_HEADER = YES;
				CLANG_WARN_RANGE_LOOP_ANALYSIS = YES;
				CLANG_WARN_STRICT_PROTOTYPES = YES;
				CLANG_WARN_SUSPICIOUS_MOVE = YES;
				CLANG_WARN_UNGUARDED_AVAILABILITY = YES_AGGRESSIVE;
				CLANG_WARN_UNREACHABLE_CODE = YES;
				CLANG_WARN__DUPLICATE_METHOD_MATCH = YES;
				COPY_PHASE_STRIP = NO;
				DEBUG_INFORMATION_FORMAT = dwarf;
				ENABLE_STRICT_OBJC_MSGSEND = YES;
				ENABLE_TESTABILITY = YES;
				GCC_C_LANGUAGE_STANDARD = gnu11;
				GCC_DYNAMIC_NO_PIC = NO;
				GCC_NO_COMMON_BLOCKS = YES;
				GCC_OPTIMIZATION_LEVEL = 0;
				GCC_PREPROCESSOR_DEFINITIONS = (
					"DEBUG=1",
					"$(inherited)",
				);
				GCC_WARN_64_TO_32_BIT_CONVERSION = YES;
				GCC_WARN_ABOUT_RETURN_TYPE = YES_ERROR;
				GCC_WARN_UNDECLARED_SELECTOR = YES;
				GCC_WARN_UNINITIALIZED_AUTOS = YES_AGGRESSIVE;
				GCC_WARN_UNUSED_FUNCTION = YES;
				GCC_WARN_UNUSED_VARIABLE = YES;
				IPHONEOS_DEPLOYMENT_TARGET = 15.0;
				MTL_ENABLE_DEBUG_INFO = INCLUDE_SOURCE;
				MTL_FAST_MATH = YES;
				ONLY_ACTIVE_ARCH = YES;
				SDKROOT = iphoneos;
			};
			name = Debug;
		};
		E3D00A22284539470038B5AC /* Release */ = {
			isa = XCBuildConfiguration;
			buildSettings = {
				ALWAYS_SEARCH_USER_PATHS = NO;
				CLANG_ANALYZER_NONNULL = YES;
				CLANG_ANALYZER_NUMBER_OBJECT_CONVERSION = YES_AGGRESSIVE;
				CLANG_CXX_LANGUAGE_STANDARD = "gnu++17";
				CLANG_CXX_LIBRARY = "libc++";
				CLANG_ENABLE_MODULES = YES;
				CLANG_ENABLE_OBJC_ARC = YES;
				CLANG_ENABLE_OBJC_WEAK = YES;
				CLANG_WARN_BLOCK_CAPTURE_AUTORELEASING = YES;
				CLANG_WARN_BOOL_CONVERSION = YES;
				CLANG_WARN_COMMA = YES;
				CLANG_WARN_CONSTANT_CONVERSION = YES;
				CLANG_WARN_DEPRECATED_OBJC_IMPLEMENTATIONS = YES;
				CLANG_WARN_DIRECT_OBJC_ISA_USAGE = YES_ERROR;
				CLANG_WARN_DOCUMENTATION_COMMENTS = YES;
				CLANG_WARN_EMPTY_BODY = YES;
				CLANG_WARN_ENUM_CONVERSION = YES;
				CLANG_WARN_INFINITE_RECURSION = YES;
				CLANG_WARN_INT_CONVERSION = YES;
				CLANG_WARN_NON_LITERAL_NULL_CONVERSION = YES;
				CLANG_WARN_OBJC_IMPLICIT_RETAIN_SELF = YES;
				CLANG_WARN_OBJC_LITERAL_CONVERSION = YES;
				CLANG_WARN_OBJC_ROOT_CLASS = YES_ERROR;
				CLANG_WARN_QUOTED_INCLUDE_IN_FRAMEWORK_HEADER = YES;
				CLANG_WARN_RANGE_LOOP_ANALYSIS = YES;
				CLANG_WARN_STRICT_PROTOTYPES = YES;
				CLANG_WARN_SUSPICIOUS_MOVE = YES;
				CLANG_WARN_UNGUARDED_AVAILABILITY = YES_AGGRESSIVE;
				CLANG_WARN_UNREACHABLE_CODE = YES;
				CLANG_WARN__DUPLICATE_METHOD_MATCH = YES;
				COPY_PHASE_STRIP = NO;
				DEBUG_INFORMATION_FORMAT = "dwarf-with-dsym";
				ENABLE_NS_ASSERTIONS = NO;
				ENABLE_STRICT_OBJC_MSGSEND = YES;
				GCC_C_LANGUAGE_STANDARD = gnu11;
				GCC_NO_COMMON_BLOCKS = YES;
				GCC_WARN_64_TO_32_BIT_CONVERSION = YES;
				GCC_WARN_ABOUT_RETURN_TYPE = YES_ERROR;
				GCC_WARN_UNDECLARED_SELECTOR = YES;
				GCC_WARN_UNINITIALIZED_AUTOS = YES_AGGRESSIVE;
				GCC_WARN_UNUSED_FUNCTION = YES;
				GCC_WARN_UNUSED_VARIABLE = YES;
				IPHONEOS_DEPLOYMENT_TARGET = 15.0;
				MTL_ENABLE_DEBUG_INFO = NO;
				MTL_FAST_MATH = YES;
				SDKROOT = iphoneos;
				VALIDATE_PRODUCT = YES;
			};
			name = Release;
		};
		E3D00A24284539470038B5AC /* Debug */ = {
			isa = XCBuildConfiguration;
			baseConfigurationReference = 998FC9FF77AD34A3D97AECC9 /* Pods-instagram_objc.debug.xcconfig */;
			buildSettings = {
				ASSETCATALOG_COMPILER_APPICON_NAME = AppIcon;
				ASSETCATALOG_COMPILER_GLOBAL_ACCENT_COLOR_NAME = AccentColor;
				CODE_SIGN_STYLE = Automatic;
				CURRENT_PROJECT_VERSION = 1;
				GENERATE_INFOPLIST_FILE = YES;
				INFOPLIST_FILE = instagram_objc/Info.plist;
				INFOPLIST_KEY_UIApplicationSupportsIndirectInputEvents = YES;
				INFOPLIST_KEY_UILaunchStoryboardName = LaunchScreen;
				INFOPLIST_KEY_UIMainStoryboardFile = Main;
				INFOPLIST_KEY_UISupportedInterfaceOrientations_iPad = "UIInterfaceOrientationPortrait UIInterfaceOrientationPortraitUpsideDown UIInterfaceOrientationLandscapeLeft UIInterfaceOrientationLandscapeRight";
				INFOPLIST_KEY_UISupportedInterfaceOrientations_iPhone = "UIInterfaceOrientationPortrait UIInterfaceOrientationLandscapeLeft UIInterfaceOrientationLandscapeRight";
				LD_RUNPATH_SEARCH_PATHS = (
					"$(inherited)",
					"@executable_path/Frameworks",
				);
				MARKETING_VERSION = 1.0;
				PRODUCT_BUNDLE_IDENTIFIER = "com.Rodriguez.instagram-objc";
				PRODUCT_NAME = "$(TARGET_NAME)";
				SWIFT_EMIT_LOC_STRINGS = YES;
				TARGETED_DEVICE_FAMILY = "1,2";
			};
			name = Debug;
		};
		E3D00A25284539470038B5AC /* Release */ = {
			isa = XCBuildConfiguration;
			baseConfigurationReference = E13CCAAA47C20E99F12E7B75 /* Pods-instagram_objc.release.xcconfig */;
			buildSettings = {
				ASSETCATALOG_COMPILER_APPICON_NAME = AppIcon;
				ASSETCATALOG_COMPILER_GLOBAL_ACCENT_COLOR_NAME = AccentColor;
				CODE_SIGN_STYLE = Automatic;
				CURRENT_PROJECT_VERSION = 1;
				GENERATE_INFOPLIST_FILE = YES;
				INFOPLIST_FILE = instagram_objc/Info.plist;
				INFOPLIST_KEY_UIApplicationSupportsIndirectInputEvents = YES;
				INFOPLIST_KEY_UILaunchStoryboardName = LaunchScreen;
				INFOPLIST_KEY_UIMainStoryboardFile = Main;
				INFOPLIST_KEY_UISupportedInterfaceOrientations_iPad = "UIInterfaceOrientationPortrait UIInterfaceOrientationPortraitUpsideDown UIInterfaceOrientationLandscapeLeft UIInterfaceOrientationLandscapeRight";
				INFOPLIST_KEY_UISupportedInterfaceOrientations_iPhone = "UIInterfaceOrientationPortrait UIInterfaceOrientationLandscapeLeft UIInterfaceOrientationLandscapeRight";
				LD_RUNPATH_SEARCH_PATHS = (
					"$(inherited)",
					"@executable_path/Frameworks",
				);
				MARKETING_VERSION = 1.0;
				PRODUCT_BUNDLE_IDENTIFIER = "com.Rodriguez.instagram-objc";
				PRODUCT_NAME = "$(TARGET_NAME)";
				SWIFT_EMIT_LOC_STRINGS = YES;
				TARGETED_DEVICE_FAMILY = "1,2";
			};
			name = Release;
		};
		E3D00A27284539470038B5AC /* Debug */ = {
			isa = XCBuildConfiguration;
			baseConfigurationReference = BDC3AAA55AC1494A794A5F53 /* Pods-instagram_objcTests.debug.xcconfig */;
			buildSettings = {
				BUNDLE_LOADER = "$(TEST_HOST)";
				CODE_SIGN_STYLE = Automatic;
				CURRENT_PROJECT_VERSION = 1;
				GENERATE_INFOPLIST_FILE = YES;
				IPHONEOS_DEPLOYMENT_TARGET = 15.0;
				LD_RUNPATH_SEARCH_PATHS = (
					"$(inherited)",
					"@executable_path/Frameworks",
					"@loader_path/Frameworks",
				);
				MARKETING_VERSION = 1.0;
				PRODUCT_BUNDLE_IDENTIFIER = "com.Rodriguez.instagram-objcTests";
				PRODUCT_NAME = "$(TARGET_NAME)";
				SWIFT_EMIT_LOC_STRINGS = NO;
				TARGETED_DEVICE_FAMILY = "1,2";
				TEST_HOST = "$(BUILT_PRODUCTS_DIR)/instagram_objc.app/instagram_objc";
			};
			name = Debug;
		};
		E3D00A28284539470038B5AC /* Release */ = {
			isa = XCBuildConfiguration;
			baseConfigurationReference = 1D1558E93FDE5B09BF0F6125 /* Pods-instagram_objcTests.release.xcconfig */;
			buildSettings = {
				BUNDLE_LOADER = "$(TEST_HOST)";
				CODE_SIGN_STYLE = Automatic;
				CURRENT_PROJECT_VERSION = 1;
				GENERATE_INFOPLIST_FILE = YES;
				IPHONEOS_DEPLOYMENT_TARGET = 15.0;
				LD_RUNPATH_SEARCH_PATHS = (
					"$(inherited)",
					"@executable_path/Frameworks",
					"@loader_path/Frameworks",
				);
				MARKETING_VERSION = 1.0;
				PRODUCT_BUNDLE_IDENTIFIER = "com.Rodriguez.instagram-objcTests";
				PRODUCT_NAME = "$(TARGET_NAME)";
				SWIFT_EMIT_LOC_STRINGS = NO;
				TARGETED_DEVICE_FAMILY = "1,2";
				TEST_HOST = "$(BUILT_PRODUCTS_DIR)/instagram_objc.app/instagram_objc";
			};
			name = Release;
		};
		E3D00A2A284539470038B5AC /* Debug */ = {
			isa = XCBuildConfiguration;
			baseConfigurationReference = 555CE6D22A65B6AEE63257C4 /* Pods-instagram_objc-instagram_objcUITests.debug.xcconfig */;
			buildSettings = {
				CODE_SIGN_STYLE = Automatic;
				CURRENT_PROJECT_VERSION = 1;
				GENERATE_INFOPLIST_FILE = YES;
				LD_RUNPATH_SEARCH_PATHS = (
					"$(inherited)",
					"@executable_path/Frameworks",
					"@loader_path/Frameworks",
				);
				MARKETING_VERSION = 1.0;
				PRODUCT_BUNDLE_IDENTIFIER = "com.Rodriguez.instagram-objcUITests";
				PRODUCT_NAME = "$(TARGET_NAME)";
				SWIFT_EMIT_LOC_STRINGS = NO;
				TARGETED_DEVICE_FAMILY = "1,2";
				TEST_TARGET_NAME = instagram_objc;
			};
			name = Debug;
		};
		E3D00A2B284539470038B5AC /* Release */ = {
			isa = XCBuildConfiguration;
			baseConfigurationReference = 04D5ABDEFBF09D2C30EC5836 /* Pods-instagram_objc-instagram_objcUITests.release.xcconfig */;
			buildSettings = {
				CODE_SIGN_STYLE = Automatic;
				CURRENT_PROJECT_VERSION = 1;
				GENERATE_INFOPLIST_FILE = YES;
				LD_RUNPATH_SEARCH_PATHS = (
					"$(inherited)",
					"@executable_path/Frameworks",
					"@loader_path/Frameworks",
				);
				MARKETING_VERSION = 1.0;
				PRODUCT_BUNDLE_IDENTIFIER = "com.Rodriguez.instagram-objcUITests";
				PRODUCT_NAME = "$(TARGET_NAME)";
				SWIFT_EMIT_LOC_STRINGS = NO;
				TARGETED_DEVICE_FAMILY = "1,2";
				TEST_TARGET_NAME = instagram_objc;
			};
			name = Release;
		};
/* End XCBuildConfiguration section */

/* Begin XCConfigurationList section */
		E3D009EF284539420038B5AC /* Build configuration list for PBXProject "instagram_objc" */ = {
			isa = XCConfigurationList;
			buildConfigurations = (
				E3D00A21284539470038B5AC /* Debug */,
				E3D00A22284539470038B5AC /* Release */,
			);
			defaultConfigurationIsVisible = 0;
			defaultConfigurationName = Release;
		};
		E3D00A23284539470038B5AC /* Build configuration list for PBXNativeTarget "instagram_objc" */ = {
			isa = XCConfigurationList;
			buildConfigurations = (
				E3D00A24284539470038B5AC /* Debug */,
				E3D00A25284539470038B5AC /* Release */,
			);
			defaultConfigurationIsVisible = 0;
			defaultConfigurationName = Release;
		};
		E3D00A26284539470038B5AC /* Build configuration list for PBXNativeTarget "instagram_objcTests" */ = {
			isa = XCConfigurationList;
			buildConfigurations = (
				E3D00A27284539470038B5AC /* Debug */,
				E3D00A28284539470038B5AC /* Release */,
			);
			defaultConfigurationIsVisible = 0;
			defaultConfigurationName = Release;
		};
		E3D00A29284539470038B5AC /* Build configuration list for PBXNativeTarget "instagram_objcUITests" */ = {
			isa = XCConfigurationList;
			buildConfigurations = (
				E3D00A2A284539470038B5AC /* Debug */,
				E3D00A2B284539470038B5AC /* Release */,
			);
			defaultConfigurationIsVisible = 0;
			defaultConfigurationName = Release;
		};
/* End XCConfigurationList section */
	};
	rootObject = E3D009EC284539420038B5AC /* Project object */;
}
